
Microsoft Visual Studio Solution File, Format Version 12.00
# Visual Studio Version 16
VisualStudioVersion = 16.0.30204.135
MinimumVisualStudioVersion = 10.0.40219.1
Project("{FAE04EC0-301F-11D3-BF4B-00C04F79EFBC}") = "APBD_Kolokwium_s16451", "APBD_Kolokwium_s16451\APBD_Kolokwium_s16451.csproj", "{7AFB9328-244E-4AF6-9B31-3C22E67D6A19}"
EndProject
Global
	GlobalSection(SolutionConfigurationPlatforms) = preSolution
		Debug|Any CPU = Debug|Any CPU
		Release|Any CPU = Release|Any CPU
	EndGlobalSection
	GlobalSection(ProjectConfigurationPlatforms) = postSolution
		{7AFB9328-244E-4AF6-9B31-3C22E67D6A19}.Debug|Any CPU.ActiveCfg = Debug|Any CPU
		{7AFB9328-244E-4AF6-9B31-3C22E67D6A19}.Debug|Any CPU.Build.0 = Debug|Any CPU
		{7AFB9328-244E-4AF6-9B31-3C22E67D6A19}.Release|Any CPU.ActiveCfg = Release|Any CPU
		{7AFB9328-244E-4AF6-9B31-3C22E67D6A19}.Release|Any CPU.Build.0 = Release|Any CPU
	EndGlobalSection
	GlobalSection(SolutionProperties) = preSolution
		HideSolutionNode = FALSE
	EndGlobalSection
	GlobalSection(ExtensibilityGlobals) = postSolution
		SolutionGuid = {DAD4DFB0-39BD-4AC2-ACD8-5ED3C9B90030}
	EndGlobalSection
EndGlobal
